Microsoft Visual Studio Solution File, Format Version 12.00
# Visual Studio Version 17
VisualStudioVersion = 17.13.35931.197
MinimumVisualStudioVersion = 16.0.0.0
Project("{9A19103F-16F7-4668-BE54-9A1E7A4F7556}") = "LibrAI", "LibrAI\LibrAI.csproj", "{C14C15DA-B1DB-4A74-9D52-294C60DD8357}"
EndProject
Project("{9A19103F-16F7-4668-BE54-9A1E7A4F7556}") = "LibrAI.Client", "LibrAI.Client\LibrAI.Client.csproj", "{E4FED784-BF45-438E-B7C5-E8DBD8A2B263}"
EndProject
Project("{FAE04EC0-301F-11D3-BF4B-00C04F79EFBC}") = "LibrAI.Shared", "LibrAI.Shared\LibrAI.Shared.csproj", "{F74FB27F-EB54-4E6E-8F83-D4B3F9696043}"
EndProject
Global
	GlobalSection(SolutionConfigurationPlatforms) = preSolution
		Debug|Any CPU = Debug|Any CPU
		Debug|x64 = Debug|x64
		Debug|x86 = Debug|x86
		Release|Any CPU = Release|Any CPU
		Release|x64 = Release|x64
		Release|x86 = Release|x86
	EndGlobalSection
	GlobalSection(ProjectConfigurationPlatforms) = postSolution
		{C14C15DA-B1DB-4A74-9D52-294C60DD8357}.Debug|Any CPU.ActiveCfg = Debug|Any CPU
		{C14C15DA-B1DB-4A74-9D52-294C60DD8357}.Debug|Any CPU.Build.0 = Debug|Any CPU
		{C14C15DA-B1DB-4A74-9D52-294C60DD8357}.Debug|x64.ActiveCfg = Debug|Any CPU
		{C14C15DA-B1DB-4A74-9D52-294C60DD8357}.Debug|x64.Build.0 = Debug|Any CPU
		{C14C15DA-B1DB-4A74-9D52-294C60DD8357}.Debug|x86.ActiveCfg = Debug|Any CPU
		{C14C15DA-B1DB-4A74-9D52-294C60DD8357}.Debug|x86.Build.0 = Debug|Any CPU
		{C14C15DA-B1DB-4A74-9D52-294C60DD8357}.Release|Any CPU.ActiveCfg = Release|Any CPU
		{C14C15DA-B1DB-4A74-9D52-294C60DD8357}.Release|Any CPU.Build.0 = Release|Any CPU
		{C14C15DA-B1DB-4A74-9D52-294C60DD8357}.Release|x64.ActiveCfg = Release|Any CPU
		{C14C15DA-B1DB-4A74-9D52-294C60DD8357}.Release|x64.Build.0 = Release|Any CPU
		{C14C15DA-B1DB-4A74-9D52-294C60DD8357}.Release|x86.ActiveCfg = Release|Any CPU
		{C14C15DA-B1DB-4A74-9D52-294C60DD8357}.Release|x86.Build.0 = Release|Any CPU
		{E4FED784-BF45-438E-B7C5-E8DBD8A2B263}.Debug|Any CPU.ActiveCfg = Debug|Any CPU
		{E4FED784-BF45-438E-B7C5-E8DBD8A2B263}.Debug|Any CPU.Build.0 = Debug|Any CPU
		{E4FED784-BF45-438E-B7C5-E8DBD8A2B263}.Debug|x64.ActiveCfg = Debug|Any CPU
		{E4FED784-BF45-438E-B7C5-E8DBD8A2B263}.Debug|x64.Build.0 = Debug|Any CPU
		{E4FED784-BF45-438E-B7C5-E8DBD8A2B263}.Debug|x86.ActiveCfg = Debug|Any CPU
		{E4FED784-BF45-438E-B7C5-E8DBD8A2B263}.Debug|x86.Build.0 = Debug|Any CPU
		{E4FED784-BF45-438E-B7C5-E8DBD8A2B263}.Release|Any CPU.ActiveCfg = Release|Any CPU
		{E4FED784-BF45-438E-B7C5-E8DBD8A2B263}.Release|Any CPU.Build.0 = Release|Any CPU
		{E4FED784-BF45-438E-B7C5-E8DBD8A2B263}.Release|x64.ActiveCfg = Release|Any CPU
		{E4FED784-BF45-438E-B7C5-E8DBD8A2B263}.Release|x64.Build.0 = Release|Any CPU
		{E4FED784-BF45-438E-B7C5-E8DBD8A2B263}.Release|x86.ActiveCfg = Release|Any CPU
		{E4FED784-BF45-438E-B7C5-E8DBD8A2B263}.Release|x86.Build.0 = Release|Any CPU
		{F74FB27F-EB54-4E6E-8F83-D4B3F9696043}.Debug|Any CPU.ActiveCfg = Debug|Any CPU
		{F74FB27F-EB54-4E6E-8F83-D4B3F9696043}.Debug|Any CPU.Build.0 = Debug|Any CPU
		{F74FB27F-EB54-4E6E-8F83-D4B3F9696043}.Debug|x64.ActiveCfg = Debug|Any CPU
		{F74FB27F-EB54-4E6E-8F83-D4B3F9696043}.Debug|x64.Build.0 = Debug|Any CPU
		{F74FB27F-EB54-4E6E-8F83-D4B3F9696043}.Debug|x86.ActiveCfg = Debug|Any CPU
		{F74FB27F-EB54-4E6E-8F83-D4B3F9696043}.Debug|x86.Build.0 = Debug|Any CPU
		{F74FB27F-EB54-4E6E-8F83-D4B3F9696043}.Release|Any CPU.ActiveCfg = Release|Any CPU
		{F74FB27F-EB54-4E6E-8F83-D4B3F9696043}.Release|Any CPU.Build.0 = Release|Any CPU
		{F74FB27F-EB54-4E6E-8F83-D4B3F9696043}.Release|x64.ActiveCfg = Release|Any CPU
		{F74FB27F-EB54-4E6E-8F83-D4B3F9696043}.Release|x64.Build.0 = Release|Any CPU
		{F74FB27F-EB54-4E6E-8F83-D4B3F9696043}.Release|x86.ActiveCfg = Release|Any CPU
		{F74FB27F-EB54-4E6E-8F83-D4B3F9696043}.Release|x86.Build.0 = Release|Any CPU
	EndGlobalSection
	GlobalSection(SolutionProperties) = preSolution
		HideSolutionNode = FALSE
	EndGlobalSection
	GlobalSection(ExtensibilityGlobals) = postSolution
		SolutionGuid = {31FA86FB-200F-408D-8D9A-5B57DF69A315}
	EndGlobalSection
EndGlobal
